
Microsoft Visual Studio Solution File, Format Version 12.00
# Visual Studio Version 17
VisualStudioVersion = 17.11.35327.3
MinimumVisualStudioVersion = 10.0.40219.1
Project("{FAE04EC0-301F-11D3-BF4B-00C04F79EFBC}") = "01_MainSubjects", "01_MainSubjects\01_MainSubjects.csproj", "{0F41BB13-46AB-4D6B-B07B-31FC64DD09D3}"
EndProject
Project("{FAE04EC0-301F-11D3-BF4B-00C04F79EFBC}") = "02_Variables", "02_Variables\02_Variables.csproj", "{D7EBA33D-4B62-404B-AF93-D152F7B8B466}"
EndProject
Project("{FAE04EC0-301F-11D3-BF4B-00C04F79EFBC}") = "03_MakingDecision", "03_MakingDecision\03_MakingDecision.csproj", "{58149DCC-D08E-4328-B383-DF1372148C3E}"
EndProject
Global
	GlobalSection(SolutionConfigurationPlatforms) = preSolution
		Debug|Any CPU = Debug|Any CPU
		Release|Any CPU = Release|Any CPU
	EndGlobalSection
	GlobalSection(ProjectConfigurationPlatforms) = postSolution
		{0F41BB13-46AB-4D6B-B07B-31FC64DD09D3}.Debug|Any CPU.ActiveCfg = Debug|Any CPU
		{0F41BB13-46AB-4D6B-B07B-31FC64DD09D3}.Debug|Any CPU.Build.0 = Debug|Any CPU
		{0F41BB13-46AB-4D6B-B07B-31FC64DD09D3}.Release|Any CPU.ActiveCfg = Release|Any CPU
		{0F41BB13-46AB-4D6B-B07B-31FC64DD09D3}.Release|Any CPU.Build.0 = Release|Any CPU
		{D7EBA33D-4B62-404B-AF93-D152F7B8B466}.Debug|Any CPU.ActiveCfg = Debug|Any CPU
		{D7EBA33D-4B62-404B-AF93-D152F7B8B466}.Debug|Any CPU.Build.0 = Debug|Any CPU
		{D7EBA33D-4B62-404B-AF93-D152F7B8B466}.Release|Any CPU.ActiveCfg = Release|Any CPU
		{D7EBA33D-4B62-404B-AF93-D152F7B8B466}.Release|Any CPU.Build.0 = Release|Any CPU
		{58149DCC-D08E-4328-B383-DF1372148C3E}.Debug|Any CPU.ActiveCfg = Debug|Any CPU
		{58149DCC-D08E-4328-B383-DF1372148C3E}.Debug|Any CPU.Build.0 = Debug|Any CPU
		{58149DCC-D08E-4328-B383-DF1372148C3E}.Release|Any CPU.ActiveCfg = Release|Any CPU
		{58149DCC-D08E-4328-B383-DF1372148C3E}.Release|Any CPU.Build.0 = Release|Any CPU
	EndGlobalSection
	GlobalSection(SolutionProperties) = preSolution
		HideSolutionNode = FALSE
	EndGlobalSection
	GlobalSection(ExtensibilityGlobals) = postSolution
		SolutionGuid = {796AA830-A42D-42D7-9588-B6FD20EA4E80}
	EndGlobalSection
EndGlobal
